
Microsoft Visual Studio Solution File, Format Version 12.00
# Visual Studio Version 17
VisualStudioVersion = 17.13.35806.99 d17.13
MinimumVisualStudioVersion = 10.0.40219.1
Project("{888888A0-9F3D-457C-B088-3A5042F75D52}") = "Tund 4.5", "Tund 4.5.pyproj", "{C46C1551-2AE4-4CCC-B2FD-9A5CDF87D42C}"
EndProject
Global
	GlobalSection(SolutionConfigurationPlatforms) = preSolution
		Debug|Any CPU = Debug|Any CPU
		Release|Any CPU = Release|Any CPU
	EndGlobalSection
	GlobalSection(ProjectConfigurationPlatforms) = postSolution
		{C46C1551-2AE4-4CCC-B2FD-9A5CDF87D42C}.Debug|Any CPU.ActiveCfg = Debug|Any CPU
		{C46C1551-2AE4-4CCC-B2FD-9A5CDF87D42C}.Release|Any CPU.ActiveCfg = Release|Any CPU
	EndGlobalSection
	GlobalSection(SolutionProperties) = preSolution
		HideSolutionNode = FALSE
	EndGlobalSection
	GlobalSection(ExtensibilityGlobals) = postSolution
		SolutionGuid = {24FBA47C-DC01-4C4C-AB0D-F250FF69F5C1}
	EndGlobalSection
EndGlobal
